{
  "object": {
    "pins": [
      {
        "package": "w3w-swift-wrapper",
        "repositoryURL": "https://github.com/what3words/w3w-swift-wrapper.git",
        "state": {
          "branch": null,
          "revision": "358b187fb874201274cc4c049ca230ebdcd354a0",
          "version": "3.6.3"
        }
      }
    ]
  },
  "version": 1
}
