// !$*UTF8*$!
{
	archiveVersion = 1;
	classes = {
	};
	objectVersion = 52;
	objects = {

/* Begin PBXBuildFile section */
		01DCFBDA27302DC000ADA990 /* AppDelegate.swift in Sources */ = {isa = PBXBuildFile; fileRef = 01DCFBD927302DC000ADA990 /* AppDelegate.swift */; };
		01DCFBDC27302DC000ADA990 /* SceneDelegate.swift in Sources */ = {isa = PBXBuildFile; fileRef = 01DCFBDB27302DC000ADA990 /* SceneDelegate.swift */; };
		01DCFBDE27302DC000ADA990 /* ViewController.swift in Sources */ = {isa = PBXBuildFile; fileRef = 01DCFBDD27302DC000ADA990 /* ViewController.swift */; };
		01DCFBE127302DC000ADA990 /* Main.storyboard in Resources */ = {isa = PBXBuildFile; fileRef = 01DCFBDF27302DC000ADA990 /* Main.storyboard */; };
		01DCFBE327302DC100ADA990 /* Assets.xcassets in Resources */ = {isa = PBXBuildFile; fileRef = 01DCFBE227302DC100ADA990 /* Assets.xcassets */; };
		01DCFBE627302DC100ADA990 /* LaunchScreen.storyboard in Resources */ = {isa = PBXBuildFile; fileRef = 01DCFBE427302DC100ADA990 /* LaunchScreen.storyboard */; };
		01DCFBF227302E6900ADA990 /* W3WSwiftComponents in Frameworks */ = {isa = PBXBuildFile; productRef = 01DCFBF127302E6900ADA990 /* W3WSwiftComponents */; };
/* End PBXBuildFile section */

/* Begin PBXFileReference section */
		01DCFBD627302DC000ADA990 /* MapComponent.app */ = {isa = PBXFileReference; explicitFileType = wrapper.application; includeInIndex = 0; path = MapComponent.app; sourceTree = BUILT_PRODUCTS_DIR; };
		01DCFBD927302DC000ADA990 /* AppDelegate.swift */ = {isa = PBXFileReference; lastKnownFileType = sourcecode.swift; path = AppDelegate.swift; sourceTree = "<group>"; };
		01DCFBDB27302DC000ADA990 /* SceneDelegate.swift */ = {isa = PBXFileReference; lastKnownFileType = sourcecode.swift; path = SceneDelegate.swift; sourceTree = "<group>"; };
		01DCFBDD27302DC000ADA990 /* ViewController.swift */ = {isa = PBXFileReference; lastKnownFileType = sourcecode.swift; path = ViewController.swift; sourceTree = "<group>"; };
		01DCFBE027302DC000ADA990 /* Base */ = {isa = PBXFileReference; lastKnownFileType = file.storyboard; name = Base; path = Base.lproj/Main.storyboard; sourceTree = "<group>"; };
		01DCFBE227302DC100ADA990 /* Assets.xcassets */ = {isa = PBXFileReference; lastKnownFileType = folder.assetcatalog; path = Assets.xcassets; sourceTree = "<group>"; };
		01DCFBE527302DC100ADA990 /* Base */ = {isa = PBXFileReference; lastKnownFileType = file.storyboard; name = Base; path = Base.lproj/LaunchScreen.storyboard; sourceTree = "<group>"; };
		01DCFBE727302DC100ADA990 /* Info.plist */ = {isa = PBXFileReference; lastKnownFileType = text.plist.xml; path = Info.plist; sourceTree = "<group>"; };
/* End PBXFileReference section */

/* Begin PBXFrameworksBuildPhase section */
		01DCFBD327302DC000ADA990 /* Frameworks */ = {
			isa = PBXFrameworksBuildPhase;
			buildActionMask = 2147483647;
			files = (
				01DCFBF227302E6900ADA990 /* W3WSwiftComponents in Frameworks */,
			);
			runOnlyForDeploymentPostprocessing = 0;
		};
/* End PBXFrameworksBuildPhase section */

/* Begin PBXGroup section */
		01DCFBCD27302DC000ADA990 = {
			isa = PBXGroup;
			children = (
				01DCFBD827302DC000ADA990 /* MapComponent */,
				01DCFBD727302DC000ADA990 /* Products */,
			);
			sourceTree = "<group>";
		};
		01DCFBD727302DC000ADA990 /* Products */ = {
			isa = PBXGroup;
			children = (
				01DCFBD627302DC000ADA990 /* MapComponent.app */,
			);
			name = Products;
			sourceTree = "<group>";
		};
		01DCFBD827302DC000ADA990 /* MapComponent */ = {
			isa = PBXGroup;
			children = (
				01DCFBD927302DC000ADA990 /* AppDelegate.swift */,
				01DCFBDB27302DC000ADA990 /* SceneDelegate.swift */,
				01DCFBDD27302DC000ADA990 /* ViewController.swift */,
				01DCFBDF27302DC000ADA990 /* Main.storyboard */,
				01DCFBE227302DC100ADA990 /* Assets.xcassets */,
				01DCFBE427302DC100ADA990 /* LaunchScreen.storyboard */,
				01DCFBE727302DC100ADA990 /* Info.plist */,
			);
			path = MapComponent;
			sourceTree = "<group>";
		};
/* End PBXGroup section */

/* Begin PBXNativeTarget section */
		01DCFBD527302DC000ADA990 /* MapComponent */ = {
			isa = PBXNativeTarget;
			buildConfigurationList = 01DCFBEA27302DC100ADA990 /* Build configuration list for PBXNativeTarget "MapComponent" */;
			buildPhases = (
				01DCFBD227302DC000ADA990 /* Sources */,
				01DCFBD327302DC000ADA990 /* Frameworks */,
				01DCFBD427302DC000ADA990 /* Resources */,
			);
			buildRules = (
			);
			dependencies = (
			);
			name = MapComponent;
			packageProductDependencies = (
				01DCFBF127302E6900ADA990 /* W3WSwiftComponents */,
			);
			productName = MapComponent;
			productReference = 01DCFBD627302DC000ADA990 /* MapComponent.app */;
			productType = "com.apple.product-type.application";
		};
/* End PBXNativeTarget section */

/* Begin PBXProject section */
		01DCFBCE27302DC000ADA990 /* Project object */ = {
			isa = PBXProject;
			attributes = {
				LastSwiftUpdateCheck = 1250;
				LastUpgradeCheck = 1250;
				TargetAttributes = {
					01DCFBD527302DC000ADA990 = {
						CreatedOnToolsVersion = 12.5;
					};
				};
			};
			buildConfigurationList = 01DCFBD127302DC000ADA990 /* Build configuration list for PBXProject "MapComponent" */;
			compatibilityVersion = "Xcode 9.3";
			developmentRegion = en;
			hasScannedForEncodings = 0;
			knownRegions = (
				en,
				Base,
			);
			mainGroup = 01DCFBCD27302DC000ADA990;
			packageReferences = (
				01DCFBF027302E6900ADA990 /* XCRemoteSwiftPackageReference "." */,
			);
			productRefGroup = 01DCFBD727302DC000ADA990 /* Products */;
			projectDirPath = "";
			projectRoot = "";
			targets = (
				01DCFBD527302DC000ADA990 /* MapComponent */,
			);
		};
/* End PBXProject section */

/* Begin PBXResourcesBuildPhase section */
		01DCFBD427302DC000ADA990 /* Resources */ = {
			isa = PBXResourcesBuildPhase;
			buildActionMask = 2147483647;
			files = (
				01DCFBE627302DC100ADA990 /* LaunchScreen.storyboard in Resources */,
				01DCFBE327302DC100ADA990 /* Assets.xcassets in Resources */,
				01DCFBE127302DC000ADA990 /* Main.storyboard in Resources */,
			);
			runOnlyForDeploymentPostprocessing = 0;
		};
/* End PBXResourcesBuildPhase section */

/* Begin PBXSourcesBuildPhase section */
		01DCFBD227302DC000ADA990 /* Sources */ = {
			isa = PBXSourcesBuildPhase;
			buildActionMask = 2147483647;
			files = (
				01DCFBDE27302DC000ADA990 /* ViewController.swift in Sources */,
				01DCFBDA27302DC000ADA990 /* AppDelegate.swift in Sources */,
				01DCFBDC27302DC000ADA990 /* SceneDelegate.swift in Sources */,
			);
			runOnlyForDeploymentPostprocessing = 0;
		};
/* End PBXSourcesBuildPhase section */

/* Begin PBXVariantGroup section */
		01DCFBDF27302DC000ADA990 /* Main.storyboard */ = {
			isa = PBXVariantGroup;
			children = (
				01DCFBE027302DC000ADA990 /* Base */,
			);
			name = Main.storyboard;
			sourceTree = "<group>";
		};
		01DCFBE427302DC100ADA990 /* LaunchScreen.storyboard */ = {
			isa = PBXVariantGroup;
			children = (
				01DCFBE527302DC100ADA990 /* Base */,
			);
			name = LaunchScreen.storyboard;
			sourceTree = "<group>";
		};
/* End PBXVariantGroup section */

/* Begin XCBuildConfiguration section */
		01DCFBE827302DC100ADA990 /* Debug */ = {
			isa = XCBuildConfiguration;
			buildSettings = {
				ALWAYS_SEARCH_USER_PATHS = NO;
				CLANG_ANALYZER_NONNULL = YES;
				CLANG_ANALYZER_NUMBER_OBJECT_CONVERSION = YES_AGGRESSIVE;
				CLANG_CXX_LANGUAGE_STANDARD = "gnu++14";
				CLANG_CXX_LIBRARY = "libc++";
				CLANG_ENABLE_MODULES = YES;
				CLANG_ENABLE_OBJC_ARC = YES;
				CLANG_ENABLE_OBJC_WEAK = YES;
				CLANG_WARN_BLOCK_CAPTURE_AUTORELEASING = YES;
				CLANG_WARN_BOOL_CONVERSION = YES;
				CLANG_WARN_COMMA = YES;
				CLANG_WARN_CONSTANT_CONVERSION = YES;
				CLANG_WARN_DEPRECATED_OBJC_IMPLEMENTATIONS = YES;
				CLANG_WARN_DIRECT_OBJC_ISA_USAGE = YES_ERROR;
				CLANG_WARN_DOCUMENTATION_COMMENTS = YES;
				CLANG_WARN_EMPTY_BODY = YES;
				CLANG_WARN_ENUM_CONVERSION = YES;
				CLANG_WARN_INFINITE_RECURSION = YES;
				CLANG_WARN_INT_CONVERSION = YES;
				CLANG_WARN_NON_LITERAL_NULL_CONVERSION = YES;
				CLANG_WARN_OBJC_IMPLICIT_RETAIN_SELF = YES;
				CLANG_WARN_OBJC_LITERAL_CONVERSION = YES;
				CLANG_WARN_OBJC_ROOT_CLASS = YES_ERROR;
				CLANG_WARN_QUOTED_INCLUDE_IN_FRAMEWORK_HEADER = YES;
				CLANG_WARN_RANGE_LOOP_ANALYSIS = YES;
				CLANG_WARN_STRICT_PROTOTYPES = YES;
				CLANG_WARN_SUSPICIOUS_MOVE = YES;
				CLANG_WARN_UNGUARDED_AVAILABILITY = YES_AGGRESSIVE;
				CLANG_WARN_UNREACHABLE_CODE = YES;
				CLANG_WARN__DUPLICATE_METHOD_MATCH = YES;
				COPY_PHASE_STRIP = NO;
				DEBUG_INFORMATION_FORMAT = dwarf;
				ENABLE_STRICT_OBJC_MSGSEND = YES;
				ENABLE_TESTABILITY = YES;
				GCC_C_LANGUAGE_STANDARD = gnu11;
				GCC_DYNAMIC_NO_PIC = NO;
				GCC_NO_COMMON_BLOCKS = YES;
				GCC_OPTIMIZATION_LEVEL = 0;
				GCC_PREPROCESSOR_DEFINITIONS = (
					"DEBUG=1",
					"$(inherited)",
				);
				GCC_WARN_64_TO_32_BIT_CONVERSION = YES;
				GCC_WARN_ABOUT_RETURN_TYPE = YES_ERROR;
				GCC_WARN_UNDECLARED_SELECTOR = YES;
				GCC_WARN_UNINITIALIZED_AUTOS = YES_AGGRESSIVE;
				GCC_WARN_UNUSED_FUNCTION = YES;
				GCC_WARN_UNUSED_VARIABLE = YES;
				IPHONEOS_DEPLOYMENT_TARGET = 14.5;
				MTL_ENABLE_DEBUG_INFO = INCLUDE_SOURCE;
				MTL_FAST_MATH = YES;
				ONLY_ACTIVE_ARCH = YES;
				SDKROOT = iphoneos;
				SWIFT_ACTIVE_COMPILATION_CONDITIONS = DEBUG;
				SWIFT_OPTIMIZATION_LEVEL = "-Onone";
			};
			name = Debug;
		};
		01DCFBE927302DC100ADA990 /* Release */ = {
			isa = XCBuildConfiguration;
			buildSettings = {
				ALWAYS_SEARCH_USER_PATHS = NO;
				CLANG_ANALYZER_NONNULL = YES;
				CLANG_ANALYZER_NUMBER_OBJECT_CONVERSION = YES_AGGRESSIVE;
				CLANG_CXX_LANGUAGE_STANDARD = "gnu++14";
				CLANG_CXX_LIBRARY = "libc++";
				CLANG_ENABLE_MODULES = YES;
				CLANG_ENABLE_OBJC_ARC = YES;
				CLANG_ENABLE_OBJC_WEAK = YES;
				CLANG_WARN_BLOCK_CAPTURE_AUTORELEASING = YES;
				CLANG_WARN_BOOL_CONVERSION = YES;
				CLANG_WARN_COMMA = YES;
				CLANG_WARN_CONSTANT_CONVERSION = YES;
				CLANG_WARN_DEPRECATED_OBJC_IMPLEMENTATIONS = YES;
				CLANG_WARN_DIRECT_OBJC_ISA_USAGE = YES_ERROR;
				CLANG_WARN_DOCUMENTATION_COMMENTS = YES;
				CLANG_WARN_EMPTY_BODY = YES;
				CLANG_WARN_ENUM_CONVERSION = YES;
				CLANG_WARN_INFINITE_RECURSION = YES;
				CLANG_WARN_INT_CONVERSION = YES;
				CLANG_WARN_NON_LITERAL_NULL_CONVERSION = YES;
				CLANG_WARN_OBJC_IMPLICIT_RETAIN_SELF = YES;
				CLANG_WARN_OBJC_LITERAL_CONVERSION = YES;
				CLANG_WARN_OBJC_ROOT_CLASS = YES_ERROR;
				CLANG_WARN_QUOTED_INCLUDE_IN_FRAMEWORK_HEADER = YES;
				CLANG_WARN_RANGE_LOOP_ANALYSIS = YES;
				CLANG_WARN_STRICT_PROTOTYPES = YES;
				CLANG_WARN_SUSPICIOUS_MOVE = YES;
				CLANG_WARN_UNGUARDED_AVAILABILITY = YES_AGGRESSIVE;
				CLANG_WARN_UNREACHABLE_CODE = YES;
				CLANG_WARN__DUPLICATE_METHOD_MATCH = YES;
				COPY_PHASE_STRIP = NO;
				DEBUG_INFORMATION_FORMAT = "dwarf-with-dsym";
				ENABLE_NS_ASSERTIONS = NO;
				ENABLE_STRICT_OBJC_MSGSEND = YES;
				GCC_C_LANGUAGE_STANDARD = gnu11;
				GCC_NO_COMMON_BLOCKS = YES;
				GCC_WARN_64_TO_32_BIT_CONVERSION = YES;
				GCC_WARN_ABOUT_RETURN_TYPE = YES_ERROR;
				GCC_WARN_UNDECLARED_SELECTOR = YES;
				GCC_WARN_UNINITIALIZED_AUTOS = YES_AGGRESSIVE;
				GCC_WARN_UNUSED_FUNCTION = YES;
				GCC_WARN_UNUSED_VARIABLE = YES;
				IPHONEOS_DEPLOYMENT_TARGET = 14.5;
				MTL_ENABLE_DEBUG_INFO = NO;
				MTL_FAST_MATH = YES;
				SDKROOT = iphoneos;
				SWIFT_COMPILATION_MODE = wholemodule;
				SWIFT_OPTIMIZATION_LEVEL = "-O";
				VALIDATE_PRODUCT = YES;
			};
			name = Release;
		};
		01DCFBEB27302DC100ADA990 /* Debug */ = {
			isa = XCBuildConfiguration;
			buildSettings = {
				ASSETCATALOG_COMPILER_APPICON_NAME = AppIcon;
				ASSETCATALOG_COMPILER_GLOBAL_ACCENT_COLOR_NAME = AccentColor;
				CODE_SIGN_STYLE = Manual;
				DEVELOPMENT_TEAM = "";
				INFOPLIST_FILE = MapComponent/Info.plist;
				LD_RUNPATH_SEARCH_PATHS = (
					"$(inherited)",
					"@executable_path/Frameworks",
				);
				PRODUCT_BUNDLE_IDENTIFIER = com.what3words.MapComponent;
				PRODUCT_NAME = "$(TARGET_NAME)";
				PROVISIONING_PROFILE_SPECIFIER = "";
				SWIFT_VERSION = 5.0;
				TARGETED_DEVICE_FAMILY = "1,2";
			};
			name = Debug;
		};
		01DCFBEC27302DC100ADA990 /* Release */ = {
			isa = XCBuildConfiguration;
			buildSettings = {
				ASSETCATALOG_COMPILER_APPICON_NAME = AppIcon;
				ASSETCATALOG_COMPILER_GLOBAL_ACCENT_COLOR_NAME = AccentColor;
				CODE_SIGN_STYLE = Manual;
				DEVELOPMENT_TEAM = "";
				INFOPLIST_FILE = MapComponent/Info.plist;
				LD_RUNPATH_SEARCH_PATHS = (
					"$(inherited)",
					"@executable_path/Frameworks",
				);
				PRODUCT_BUNDLE_IDENTIFIER = com.what3words.MapComponent;
				PRODUCT_NAME = "$(TARGET_NAME)";
				PROVISIONING_PROFILE_SPECIFIER = "";
				SWIFT_VERSION = 5.0;
				TARGETED_DEVICE_FAMILY = "1,2";
			};
			name = Release;
		};
/* End XCBuildConfiguration section */

/* Begin XCConfigurationList section */
		01DCFBD127302DC000ADA990 /* Build configuration list for PBXProject "MapComponent" */ = {
			isa = XCConfigurationList;
			buildConfigurations = (
				01DCFBE827302DC100ADA990 /* Debug */,
				01DCFBE927302DC100ADA990 /* Release */,
			);
			defaultConfigurationIsVisible = 0;
			defaultConfigurationName = Release;
		};
		01DCFBEA27302DC100ADA990 /* Build configuration list for PBXNativeTarget "MapComponent" */ = {
			isa = XCConfigurationList;
			buildConfigurations = (
				01DCFBEB27302DC100ADA990 /* Debug */,
				01DCFBEC27302DC100ADA990 /* Release */,
			);
			defaultConfigurationIsVisible = 0;
			defaultConfigurationName = Release;
		};
/* End XCConfigurationList section */

/* Begin XCRemoteSwiftPackageReference section */
		01DCFBF027302E6900ADA990 /* XCRemoteSwiftPackageReference "." */ = {
			isa = XCRemoteSwiftPackageReference;
			repositoryURL = ../..;
			requirement = {
				branch = master;
				kind = branch;
			};
		};
/* End XCRemoteSwiftPackageReference section */

/* Begin XCSwiftPackageProductDependency section */
		01DCFBF127302E6900ADA990 /* W3WSwiftComponents */ = {
			isa = XCSwiftPackageProductDependency;
			package = 01DCFBF027302E6900ADA990 /* XCRemoteSwiftPackageReference "." */;
			productName = W3WSwiftComponents;
		};
/* End XCSwiftPackageProductDependency section */
	};
	rootObject = 01DCFBCE27302DC000ADA990 /* Project object */;
}
