{
  "object": {
    "pins": [
      {
        "package": "w3w-swift-components",
        "repositoryURL": "/Users/daveduprey/Documents/src/projects/W3WSwiftComponents/src/public/w3w-swift-components",
        "state": {
          "branch": "v2.0.0",
          "revision": "993c1b5a5e26dd325c49c3a0b80d006fb683d5c2",
          "version": null
        }
      },
      {
        "package": "w3w-swift-wrapper",
        "repositoryURL": "https://github.com/what3words/w3w-swift-wrapper.git",
        "state": {
          "branch": null,
          "revision": "db311f0f80aefc29355eb9f9c95ee5cd646824ca",
          "version": "3.6.1"
        }
      }
    ]
  },
  "version": 1
}
